// !$*UTF8*$!
{
	archiveVersion = 1;
	classes = {
	};
	objectVersion = 46;
	objects = {

/* Begin PBXBuildFile section */
		F5E58FD91D77D5630050BDB9 /* AppDelegate.swift in Sources */ = {isa = PBXBuildFile; fileRef = F5E58FD81D77D5630050BDB9 /* AppDelegate.swift */; };
		F5E58FDB1D77D5630050BDB9 /* ViewController.swift in Sources */ = {isa = PBXBuildFile; fileRef = F5E58FDA1D77D5630050BDB9 /* ViewController.swift */; };
		F5E58FDE1D77D5630050BDB9 /* Main.storyboard in Resources */ = {isa = PBXBuildFile; fileRef = F5E58FDC1D77D5630050BDB9 /* Main.storyboard */; };
		F5E58FE01D77D5630050BDB9 /* Assets.xcassets in Resources */ = {isa = PBXBuildFile; fileRef = F5E58FDF1D77D5630050BDB9 /* Assets.xcassets */; };
		F5E58FE31D77D5630050BDB9 /* LaunchScreen.storyboard in Resources */ = {isa = PBXBuildFile; fileRef = F5E58FE11D77D5630050BDB9 /* LaunchScreen.storyboard */; };
		F5E58FEB1D77D58F0050BDB9 /* ViewScroll.swift in Sources */ = {isa = PBXBuildFile; fileRef = F5E58FEA1D77D58F0050BDB9 /* ViewScroll.swift */; };
		F5E58FED1D77D5F90050BDB9 /* image.jpg in Resources */ = {isa = PBXBuildFile; fileRef = F5E58FEC1D77D5F90050BDB9 /* image.jpg */; };
		F5E58FF01D77DB140050BDB9 /* food.jpg in Resources */ = {isa = PBXBuildFile; fileRef = F5E58FEF1D77DB140050BDB9 /* food.jpg */; };
		F5E58FF21D77DB1E0050BDB9 /* shark.jpg in Resources */ = {isa = PBXBuildFile; fileRef = F5E58FF11D77DB1E0050BDB9 /* shark.jpg */; };
/* End PBXBuildFile section */

/* Begin PBXFileReference section */
		F5E58FD51D77D5630050BDB9 /* Paging.app */ = {isa = PBXFileReference; explicitFileType = wrapper.application; includeInIndex = 0; path = Paging.app; sourceTree = BUILT_PRODUCTS_DIR; };
		F5E58FD81D77D5630050BDB9 /* AppDelegate.swift */ = {isa = PBXFileReference; lastKnownFileType = sourcecode.swift; path = AppDelegate.swift; sourceTree = "<group>"; };
		F5E58FDA1D77D5630050BDB9 /* ViewController.swift */ = {isa = PBXFileReference; lastKnownFileType = sourcecode.swift; path = ViewController.swift; sourceTree = "<group>"; };
		F5E58FDD1D77D5630050BDB9 /* Base */ = {isa = PBXFileReference; lastKnownFileType = file.storyboard; name = Base; path = Base.lproj/Main.storyboard; sourceTree = "<group>"; };
		F5E58FDF1D77D5630050BDB9 /* Assets.xcassets */ = {isa = PBXFileReference; lastKnownFileType = folder.assetcatalog; path = Assets.xcassets; sourceTree = "<group>"; };
		F5E58FE21D77D5630050BDB9 /* Base */ = {isa = PBXFileReference; lastKnownFileType = file.storyboard; name = Base; path = Base.lproj/LaunchScreen.storyboard; sourceTree = "<group>"; };
		F5E58FE41D77D5630050BDB9 /* Info.plist */ = {isa = PBXFileReference; lastKnownFileType = text.plist.xml; path = Info.plist; sourceTree = "<group>"; };
		F5E58FEA1D77D58F0050BDB9 /* ViewScroll.swift */ = {isa = PBXFileReference; fileEncoding = 4; lastKnownFileType = sourcecode.swift; path = ViewScroll.swift; sourceTree = "<group>"; };
		F5E58FEC1D77D5F90050BDB9 /* image.jpg */ = {isa = PBXFileReference; lastKnownFileType = image.jpeg; path = image.jpg; sourceTree = "<group>"; };
		F5E58FEF1D77DB140050BDB9 /* food.jpg */ = {isa = PBXFileReference; lastKnownFileType = image.jpeg; path = food.jpg; sourceTree = "<group>"; };
		F5E58FF11D77DB1E0050BDB9 /* shark.jpg */ = {isa = PBXFileReference; lastKnownFileType = image.jpeg; path = shark.jpg; sourceTree = "<group>"; };
/* End PBXFileReference section */

/* Begin PBXFrameworksBuildPhase section */
		F5E58FD21D77D5630050BDB9 /* Frameworks */ = {
			isa = PBXFrameworksBuildPhase;
			buildActionMask = 2147483647;
			files = (
			);
			runOnlyForDeploymentPostprocessing = 0;
		};
/* End PBXFrameworksBuildPhase section */

/* Begin PBXGroup section */
		F5E58FCC1D77D5630050BDB9 = {
			isa = PBXGroup;
			children = (
				F5E58FD71D77D5630050BDB9 /* Paging */,
				F5E58FD61D77D5630050BDB9 /* Products */,
			);
			sourceTree = "<group>";
		};
		F5E58FD61D77D5630050BDB9 /* Products */ = {
			isa = PBXGroup;
			children = (
				F5E58FD51D77D5630050BDB9 /* Paging.app */,
			);
			name = Products;
			sourceTree = "<group>";
		};
		F5E58FD71D77D5630050BDB9 /* Paging */ = {
			isa = PBXGroup;
			children = (
				F5E58FEE1D77DB040050BDB9 /* Images */,
				F5E58FD81D77D5630050BDB9 /* AppDelegate.swift */,
				F5E58FDA1D77D5630050BDB9 /* ViewController.swift */,
				F5E58FEA1D77D58F0050BDB9 /* ViewScroll.swift */,
				F5E58FDC1D77D5630050BDB9 /* Main.storyboard */,
				F5E58FDF1D77D5630050BDB9 /* Assets.xcassets */,
				F5E58FE11D77D5630050BDB9 /* LaunchScreen.storyboard */,
				F5E58FE41D77D5630050BDB9 /* Info.plist */,
			);
			path = Paging;
			sourceTree = "<group>";
		};
		F5E58FEE1D77DB040050BDB9 /* Images */ = {
			isa = PBXGroup;
			children = (
				F5E58FF11D77DB1E0050BDB9 /* shark.jpg */,
				F5E58FEF1D77DB140050BDB9 /* food.jpg */,
				F5E58FEC1D77D5F90050BDB9 /* image.jpg */,
			);
			name = Images;
			sourceTree = "<group>";
		};
/* End PBXGroup section */

/* Begin PBXNativeTarget section */
		F5E58FD41D77D5630050BDB9 /* Paging */ = {
			isa = PBXNativeTarget;
			buildConfigurationList = F5E58FE71D77D5630050BDB9 /* Build configuration list for PBXNativeTarget "Paging" */;
			buildPhases = (
				F5E58FD11D77D5630050BDB9 /* Sources */,
				F5E58FD21D77D5630050BDB9 /* Frameworks */,
				F5E58FD31D77D5630050BDB9 /* Resources */,
			);
			buildRules = (
			);
			dependencies = (
			);
			name = Paging;
			productName = Paging;
			productReference = F5E58FD51D77D5630050BDB9 /* Paging.app */;
			productType = "com.apple.product-type.application";
		};
/* End PBXNativeTarget section */

/* Begin PBXProject section */
		F5E58FCD1D77D5630050BDB9 /* Project object */ = {
			isa = PBXProject;
			attributes = {
				LastSwiftUpdateCheck = 0730;
				LastUpgradeCheck = 0730;
				ORGANIZATIONNAME = "Hoàng Minh Thành";
				TargetAttributes = {
					F5E58FD41D77D5630050BDB9 = {
						CreatedOnToolsVersion = 7.3.1;
					};
				};
			};
			buildConfigurationList = F5E58FD01D77D5630050BDB9 /* Build configuration list for PBXProject "Paging" */;
			compatibilityVersion = "Xcode 3.2";
			developmentRegion = English;
			hasScannedForEncodings = 0;
			knownRegions = (
				en,
				Base,
			);
			mainGroup = F5E58FCC1D77D5630050BDB9;
			productRefGroup = F5E58FD61D77D5630050BDB9 /* Products */;
			projectDirPath = "";
			projectRoot = "";
			targets = (
				F5E58FD41D77D5630050BDB9 /* Paging */,
			);
		};
/* End PBXProject section */

/* Begin PBXResourcesBuildPhase section */
		F5E58FD31D77D5630050BDB9 /* Resources */ = {
			isa = PBXResourcesBuildPhase;
			buildActionMask = 2147483647;
			files = (
				F5E58FE31D77D5630050BDB9 /* LaunchScreen.storyboard in Resources */,
				F5E58FF21D77DB1E0050BDB9 /* shark.jpg in Resources */,
				F5E58FF01D77DB140050BDB9 /* food.jpg in Resources */,
				F5E58FE01D77D5630050BDB9 /* Assets.xcassets in Resources */,
				F5E58FDE1D77D5630050BDB9 /* Main.storyboard in Resources */,
				F5E58FED1D77D5F90050BDB9 /* image.jpg in Resources */,
			);
			runOnlyForDeploymentPostprocessing = 0;
		};
/* End PBXResourcesBuildPhase section */

/* Begin PBXSourcesBuildPhase section */
		F5E58FD11D77D5630050BDB9 /* Sources */ = {
			isa = PBXSourcesBuildPhase;
			buildActionMask = 2147483647;
			files = (
				F5E58FEB1D77D58F0050BDB9 /* ViewScroll.swift in Sources */,
				F5E58FDB1D77D5630050BDB9 /* ViewController.swift in Sources */,
				F5E58FD91D77D5630050BDB9 /* AppDelegate.swift in Sources */,
			);
			runOnlyForDeploymentPostprocessing = 0;
		};
/* End PBXSourcesBuildPhase section */

/* Begin PBXVariantGroup section */
		F5E58FDC1D77D5630050BDB9 /* Main.storyboard */ = {
			isa = PBXVariantGroup;
			children = (
				F5E58FDD1D77D5630050BDB9 /* Base */,
			);
			name = Main.storyboard;
			sourceTree = "<group>";
		};
		F5E58FE11D77D5630050BDB9 /* LaunchScreen.storyboard */ = {
			isa = PBXVariantGroup;
			children = (
				F5E58FE21D77D5630050BDB9 /* Base */,
			);
			name = LaunchScreen.storyboard;
			sourceTree = "<group>";
		};
/* End PBXVariantGroup section */

/* Begin XCBuildConfiguration section */
		F5E58FE51D77D5630050BDB9 /* Debug */ = {
			isa = XCBuildConfiguration;
			buildSettings = {
				ALWAYS_SEARCH_USER_PATHS = NO;
				CLANG_ANALYZER_NONNULL = YES;
				CLANG_CXX_LANGUAGE_STANDARD = "gnu++0x";
				CLANG_CXX_LIBRARY = "libc++";
				CLANG_ENABLE_MODULES = YES;
				CLANG_ENABLE_OBJC_ARC = YES;
				CLANG_WARN_BOOL_CONVERSION = YES;
				CLANG_WARN_CONSTANT_CONVERSION = YES;
				CLANG_WARN_DIRECT_OBJC_ISA_USAGE = YES_ERROR;
				CLANG_WARN_EMPTY_BODY = YES;
				CLANG_WARN_ENUM_CONVERSION = YES;
				CLANG_WARN_INT_CONVERSION = YES;
				CLANG_WARN_OBJC_ROOT_CLASS = YES_ERROR;
				CLANG_WARN_UNREACHABLE_CODE = YES;
				CLANG_WARN__DUPLICATE_METHOD_MATCH = YES;
				"CODE_SIGN_IDENTITY[sdk=iphoneos*]" = "iPhone Developer";
				COPY_PHASE_STRIP = NO;
				DEBUG_INFORMATION_FORMAT = dwarf;
				ENABLE_STRICT_OBJC_MSGSEND = YES;
				ENABLE_TESTABILITY = YES;
				GCC_C_LANGUAGE_STANDARD = gnu99;
				GCC_DYNAMIC_NO_PIC = NO;
				GCC_NO_COMMON_BLOCKS = YES;
				GCC_OPTIMIZATION_LEVEL = 0;
				GCC_PREPROCESSOR_DEFINITIONS = (
					"DEBUG=1",
					"$(inherited)",
				);
				GCC_WARN_64_TO_32_BIT_CONVERSION = YES;
				GCC_WARN_ABOUT_RETURN_TYPE = YES_ERROR;
				GCC_WARN_UNDECLARED_SELECTOR = YES;
				GCC_WARN_UNINITIALIZED_AUTOS = YES_AGGRESSIVE;
				GCC_WARN_UNUSED_FUNCTION = YES;
				GCC_WARN_UNUSED_VARIABLE = YES;
				IPHONEOS_DEPLOYMENT_TARGET = 9.3;
				MTL_ENABLE_DEBUG_INFO = YES;
				ONLY_ACTIVE_ARCH = YES;
				SDKROOT = iphoneos;
				SWIFT_OPTIMIZATION_LEVEL = "-Onone";
				TARGETED_DEVICE_FAMILY = "1,2";
			};
			name = Debug;
		};
		F5E58FE61D77D5630050BDB9 /* Release */ = {
			isa = XCBuildConfiguration;
			buildSettings = {
				ALWAYS_SEARCH_USER_PATHS = NO;
				CLANG_ANALYZER_NONNULL = YES;
				CLANG_CXX_LANGUAGE_STANDARD = "gnu++0x";
				CLANG_CXX_LIBRARY = "libc++";
				CLANG_ENABLE_MODULES = YES;
				CLANG_ENABLE_OBJC_ARC = YES;
				CLANG_WARN_BOOL_CONVERSION = YES;
				CLANG_WARN_CONSTANT_CONVERSION = YES;
				CLANG_WARN_DIRECT_OBJC_ISA_USAGE = YES_ERROR;
				CLANG_WARN_EMPTY_BODY = YES;
				CLANG_WARN_ENUM_CONVERSION = YES;
				CLANG_WARN_INT_CONVERSION = YES;
				CLANG_WARN_OBJC_ROOT_CLASS = YES_ERROR;
				CLANG_WARN_UNREACHABLE_CODE = YES;
				CLANG_WARN__DUPLICATE_METHOD_MATCH = YES;
				"CODE_SIGN_IDENTITY[sdk=iphoneos*]" = "iPhone Developer";
				COPY_PHASE_STRIP = NO;
				DEBUG_INFORMATION_FORMAT = "dwarf-with-dsym";
				ENABLE_NS_ASSERTIONS = NO;
				ENABLE_STRICT_OBJC_MSGSEND = YES;
				GCC_C_LANGUAGE_STANDARD = gnu99;
				GCC_NO_COMMON_BLOCKS = YES;
				GCC_WARN_64_TO_32_BIT_CONVERSION = YES;
				GCC_WARN_ABOUT_RETURN_TYPE = YES_ERROR;
				GCC_WARN_UNDECLARED_SELECTOR = YES;
				GCC_WARN_UNINITIALIZED_AUTOS = YES_AGGRESSIVE;
				GCC_WARN_UNUSED_FUNCTION = YES;
				GCC_WARN_UNUSED_VARIABLE = YES;
				IPHONEOS_DEPLOYMENT_TARGET = 9.3;
				MTL_ENABLE_DEBUG_INFO = NO;
				SDKROOT = iphoneos;
				TARGETED_DEVICE_FAMILY = "1,2";
				VALIDATE_PRODUCT = YES;
			};
			name = Release;
		};
		F5E58FE81D77D5630050BDB9 /* Debug */ = {
			isa = XCBuildConfiguration;
			buildSettings = {
				ASSETCATALOG_COMPILER_APPICON_NAME = AppIcon;
				INFOPLIST_FILE = Paging/Info.plist;
				LD_RUNPATH_SEARCH_PATHS = "$(inherited) @executable_path/Frameworks";
				PRODUCT_BUNDLE_IDENTIFIER = hoangminhthanh.Paging;
				PRODUCT_NAME = "$(TARGET_NAME)";
			};
			name = Debug;
		};
		F5E58FE91D77D5630050BDB9 /* Release */ = {
			isa = XCBuildConfiguration;
			buildSettings = {
				ASSETCATALOG_COMPILER_APPICON_NAME = AppIcon;
				INFOPLIST_FILE = Paging/Info.plist;
				LD_RUNPATH_SEARCH_PATHS = "$(inherited) @executable_path/Frameworks";
				PRODUCT_BUNDLE_IDENTIFIER = hoangminhthanh.Paging;
				PRODUCT_NAME = "$(TARGET_NAME)";
			};
			name = Release;
		};
/* End XCBuildConfiguration section */

/* Begin XCConfigurationList section */
		F5E58FD01D77D5630050BDB9 /* Build configuration list for PBXProject "Paging" */ = {
			isa = XCConfigurationList;
			buildConfigurations = (
				F5E58FE51D77D5630050BDB9 /* Debug */,
				F5E58FE61D77D5630050BDB9 /* Release */,
			);
			defaultConfigurationIsVisible = 0;
			defaultConfigurationName = Release;
		};
		F5E58FE71D77D5630050BDB9 /* Build configuration list for PBXNativeTarget "Paging" */ = {
			isa = XCConfigurationList;
			buildConfigurations = (
				F5E58FE81D77D5630050BDB9 /* Debug */,
				F5E58FE91D77D5630050BDB9 /* Release */,
			);
			defaultConfigurationIsVisible = 0;
		};
/* End XCConfigurationList section */
	};
	rootObject = F5E58FCD1D77D5630050BDB9 /* Project object */;
}
